<?xml version="1.0" encoding="utf-8"?>
<Project ToolsVersion="4.0" xmlns="http://schemas.microsoft.com/developer/msbuild/2003">
  <ItemGroup>
    <Filter Include="Source Files">
      <UniqueIdentifier>{4FC737F1-C7A5-4376-A066-2A32D752A2FF}</UniqueIdentifier>
      <Extensions>cpp;c;cc;cxx;def;odl;idl;hpj;bat;asm;asmx</Extensions>
    </Filter>
    <Filter Include="Header Files">
      <UniqueIdentifier>{93995380-89BD-4b04-88EB-625FBE52EBFB}</UniqueIdentifier>
      <Extensions>h;hh;hpp;hxx;hm;inl;inc;xsd</Extensions>
    </Filter>
    <Filter Include="Resource Files">
      <UniqueIdentifier>{67DA6AB6-F800-4c08-8B7A-83BB121AAD01}</UniqueIdentifier>
      <Extensions>rc;ico;cur;bmp;dlg;rc2;rct;bin;rgs;gif;jpg;jpeg;jpe;resx;tiff;tif;png;wav;mfcribbon-ms</Extensions>
    </Filter>
    <Filter Include="Header Files\NeutralFormatTemplates">
      <UniqueIdentifier>{4a4cd9b6-4cf9-47d0-ae4d-f0870f24f2c9}</UniqueIdentifier>
    </Filter>
    <Filter Include="Resource Files\config">
      <UniqueIdentifier>{f46e316e-33f4-4652-b059-36e6024b6f10}</UniqueIdentifier>
    </Filter>
  </ItemGroup>
  <ItemGroup>
    <ClCompile Include="Main.cpp">
      <Filter>Source Files</Filter>
    </ClCompile>
    <ClCompile Include="BlockImageProcessor.cpp">
      <Filter>Source Files</Filter>
    </ClCompile>
    <ClCompile Include="ServerSiteConfig.cpp">
      <Filter>Source Files</Filter>
    </ClCompile>
    <ClCompile Include="ImageFileReader.cpp">
      <Filter>Source Files</Filter>
    </ClCompile>
    <ClCompile Include="ImgDecoderFactory.cpp">
      <Filter>Source Files</Filter>
    </ClCompile>
    <ClCompile Include="grfmt_base.cpp">
      <Filter>Source Files</Filter>
    </ClCompile>
    <ClCompile Include="grfmt_gdal.cpp">
      <Filter>Source Files</Filter>
    </ClCompile>
    <ClCompile Include="MeanShiftSegmenation.cpp">
      <Filter>Source Files</Filter>
    </ClCompile>
    <ClCompile Include="ImageMetaData.cpp">
      <Filter>Source Files</Filter>
    </ClCompile>
    <ClCompile Include="RequestController.cpp">
      <Filter>Source Files</Filter>
    </ClCompile>
  </ItemGroup>
  <ItemGroup>
    <ClInclude Include="BlockImageProcessor.h">
      <Filter>Header Files</Filter>
    </ClInclude>
    <ClInclude Include="ServerSiteConfig.h">
      <Filter>Header Files</Filter>
    </ClInclude>
    <ClInclude Include="ImageFileReader.h">
      <Filter>Header Files</Filter>
    </ClInclude>
    <ClInclude Include="ImgDecoderFactory.h">
      <Filter>Header Files</Filter>
    </ClInclude>
    <ClInclude Include="grfmt_base.hpp">
      <Filter>Header Files</Filter>
    </ClInclude>
    <ClInclude Include="grfmt_gdal.hpp">
      <Filter>Header Files</Filter>
    </ClInclude>
    <ClInclude Include="MeanShiftSegmentation.hpp">
      <Filter>Header Files</Filter>
    </ClInclude>
    <ClInclude Include="ImageMetaData.h">
      <Filter>Header Files</Filter>
    </ClInclude>
    <ClInclude Include="NeutralFormatTemplates\NFCommonDef.h">
      <Filter>Header Files\NeutralFormatTemplates</Filter>
    </ClInclude>
    <ClInclude Include="NeutralFormatTemplates\NFComparer.h">
      <Filter>Header Files\NeutralFormatTemplates</Filter>
    </ClInclude>
    <ClInclude Include="NeutralFormatTemplates\NFExceptions.h">
      <Filter>Header Files\NeutralFormatTemplates</Filter>
    </ClInclude>
    <ClInclude Include="NeutralFormatTemplates\NFIterator.h">
      <Filter>Header Files\NeutralFormatTemplates</Filter>
    </ClInclude>
    <ClInclude Include="NeutralFormatTemplates\NFJsonElement.h">
      <Filter>Header Files\NeutralFormatTemplates</Filter>
    </ClInclude>
    <ClInclude Include="NeutralFormatTemplates\NFParser.h">
      <Filter>Header Files\NeutralFormatTemplates</Filter>
    </ClInclude>
    <ClInclude Include="NeutralFormatTemplates\NFSerializer.h">
      <Filter>Header Files\NeutralFormatTemplates</Filter>
    </ClInclude>
    <ClInclude Include="NeutralFormatTemplates\NFXmlElement.h">
      <Filter>Header Files\NeutralFormatTemplates</Filter>
    </ClInclude>
    <ClInclude Include="RequestController.h">
      <Filter>Header Files</Filter>
    </ClInclude>
  </ItemGroup>
  <ItemGroup>
    <None Include="config\config.json">
      <Filter>Resource Files\config</Filter>
    </None>
  </ItemGroup>
</Project>